{
  "name": "adventofcode21",
  "version": "1.0.0",
  "lockfileVersion": 1,
  "requires": true,
  "dependencies": {
    "@types/d3": {
      "version": "3.5.46",
      "resolved": "https://registry.npmjs.org/@types/d3/-/d3-3.5.46.tgz",
      "integrity": "sha512-jNHfiGd41+JUV43LTMzQNidyp4Hn0XfhoSmy8baE0d/N5pGYpD+yX03JacY/MH+smFxYOQGXlz4HxkRZOuRNOQ=="
    },
    "@types/plotly.js": {
      "version": "1.54.17",
      "resolved": "https://registry.npmjs.org/@types/plotly.js/-/plotly.js-1.54.17.tgz",
      "integrity": "sha512-2nk1jEDQ85Ix6SQsC7M7Otl5M8OoYwTl7V/x2ptyX373slUJAj+vQ3njYGy/h9p/rxTq7W0fn3JvXjuxXuA0Qg==",
      "requires": {
        "@types/d3": "^3"
      }
    },
    "nodeplotlib": {
      "version": "0.7.7",
      "resolved": "https://registry.npmjs.org/nodeplotlib/-/nodeplotlib-0.7.7.tgz",
      "integrity": "sha512-xlFwSzgA96eaYwG6NuB8O6B0nWNaLOWSCwFmrfS7kfyWZyMNOhgp+2gbCfsEcAqU4BHJnP8zZjn2KpT473Eh4A==",
      "requires": {
        "@types/plotly.js": "^1.54.16"
      }
    },
    "read-file": {
      "version": "0.2.0",
      "resolved": "https://registry.npmjs.org/read-file/-/read-file-0.2.0.tgz",
      "integrity": "sha1-cMa6+IQux9FUD5gf0Oau1Mgb1UU="
    }
  }
}
